
Microsoft Visual Studio Solution File, Format Version 12.00
# Visual Studio Version 17
VisualStudioVersion = 17.11.35219.272
MinimumVisualStudioVersion = 10.0.40219.1
Project("{FAE04EC0-301F-11D3-BF4B-00C04F79EFBC}") = "LaYumba.Functional", "LaYumba.Functional\LaYumba.Functional.csproj", "{03243AA7-4A6E-4647-9EED-813DB5F768F8}"
EndProject
Project("{9A19103F-16F7-4668-BE54-9A1E7A4F7556}") = "LaYumba.Functional.Tests", "LaYumba.Functional.Tests\LaYumba.Functional.Tests.csproj", "{F5CDF5AF-71D7-46FE-81F3-4CB9E238A8CD}"
EndProject
Project("{FAE04EC0-301F-11D3-BF4B-00C04F79EFBC}") = "LaYumba.Functional.Data", "LaYumba.Functional.Data\LaYumba.Functional.Data.csproj", "{5C6FE9A1-3656-4CD7-B36B-E670707B7878}"
EndProject
Global
	GlobalSection(SolutionConfigurationPlatforms) = preSolution
		Debug|Any CPU = Debug|Any CPU
		Release|Any CPU = Release|Any CPU
	EndGlobalSection
	GlobalSection(ProjectConfigurationPlatforms) = postSolution
		{03243AA7-4A6E-4647-9EED-813DB5F768F8}.Debug|Any CPU.ActiveCfg = Debug|Any CPU
		{03243AA7-4A6E-4647-9EED-813DB5F768F8}.Debug|Any CPU.Build.0 = Debug|Any CPU
		{03243AA7-4A6E-4647-9EED-813DB5F768F8}.Release|Any CPU.ActiveCfg = Release|Any CPU
		{03243AA7-4A6E-4647-9EED-813DB5F768F8}.Release|Any CPU.Build.0 = Release|Any CPU
		{F5CDF5AF-71D7-46FE-81F3-4CB9E238A8CD}.Debug|Any CPU.ActiveCfg = Debug|Any CPU
		{F5CDF5AF-71D7-46FE-81F3-4CB9E238A8CD}.Debug|Any CPU.Build.0 = Debug|Any CPU
		{F5CDF5AF-71D7-46FE-81F3-4CB9E238A8CD}.Release|Any CPU.ActiveCfg = Release|Any CPU
		{F5CDF5AF-71D7-46FE-81F3-4CB9E238A8CD}.Release|Any CPU.Build.0 = Release|Any CPU
		{5C6FE9A1-3656-4CD7-B36B-E670707B7878}.Debug|Any CPU.ActiveCfg = Debug|Any CPU
		{5C6FE9A1-3656-4CD7-B36B-E670707B7878}.Debug|Any CPU.Build.0 = Debug|Any CPU
		{5C6FE9A1-3656-4CD7-B36B-E670707B7878}.Release|Any CPU.ActiveCfg = Release|Any CPU
		{5C6FE9A1-3656-4CD7-B36B-E670707B7878}.Release|Any CPU.Build.0 = Release|Any CPU
	EndGlobalSection
	GlobalSection(SolutionProperties) = preSolution
		HideSolutionNode = FALSE
	EndGlobalSection
	GlobalSection(ExtensibilityGlobals) = postSolution
		SolutionGuid = {086A0178-4E67-47A8-A3DD-F39AD9844517}
	EndGlobalSection
EndGlobal
